// !$*UTF8*$!
{
	archiveVersion = 1;
	classes = {
	};
	objectVersion = 46;
	objects = {

/* Begin PBXBuildFile section */
		5534AFD01C84E516006188CB /* AppDelegate.swift in Sources */ = {isa = PBXBuildFile; fileRef = 5534AFCF1C84E516006188CB /* AppDelegate.swift */; };
		5534AFD21C84E516006188CB /* ViewController.swift in Sources */ = {isa = PBXBuildFile; fileRef = 5534AFD11C84E516006188CB /* ViewController.swift */; };
		5534AFD51C84E516006188CB /* Main.storyboard in Resources */ = {isa = PBXBuildFile; fileRef = 5534AFD31C84E516006188CB /* Main.storyboard */; };
		5534AFD71C84E516006188CB /* Assets.xcassets in Resources */ = {isa = PBXBuildFile; fileRef = 5534AFD61C84E516006188CB /* Assets.xcassets */; };
		5534AFDA1C84E516006188CB /* LaunchScreen.storyboard in Resources */ = {isa = PBXBuildFile; fileRef = 5534AFD81C84E516006188CB /* LaunchScreen.storyboard */; };
		5534AFF01C86100A006188CB /* back@2x.png in Resources */ = {isa = PBXBuildFile; fileRef = 5534AFEF1C86100A006188CB /* back@2x.png */; };
		5534AFF21C862F70006188CB /* Card.swift in Sources */ = {isa = PBXBuildFile; fileRef = 5534AFF11C862F70006188CB /* Card.swift */; };
		5534B0071C877045006188CB /* Deck.swift in Sources */ = {isa = PBXBuildFile; fileRef = 5534B0061C877045006188CB /* Deck.swift */; };
		55CF7E241CA5182500B1BE0C /* Card2.swift in Sources */ = {isa = PBXBuildFile; fileRef = 55CF7E231CA5182500B1BE0C /* Card2.swift */; };
		55CF7E261CA51DF700B1BE0C /* Hand.swift in Sources */ = {isa = PBXBuildFile; fileRef = 55CF7E251CA51DF700B1BE0C /* Hand.swift */; };
		55CF7E281CA51EFA00B1BE0C /* Round.swift in Sources */ = {isa = PBXBuildFile; fileRef = 55CF7E271CA51EFA00B1BE0C /* Round.swift */; };
		55CF7E2A1CA51F1700B1BE0C /* Game.swift in Sources */ = {isa = PBXBuildFile; fileRef = 55CF7E291CA51F1700B1BE0C /* Game.swift */; };
		55CF7E2C1CA8E44C00B1BE0C /* Player.swift in Sources */ = {isa = PBXBuildFile; fileRef = 55CF7E2B1CA8E44C00B1BE0C /* Player.swift */; };
		55CF7E2E1CA992C700B1BE0C /* CardView.swift in Sources */ = {isa = PBXBuildFile; fileRef = 55CF7E2D1CA992C700B1BE0C /* CardView.swift */; };
		55CF7E311CA9B5FA00B1BE0C /* 2_of_clubs.png in Resources */ = {isa = PBXBuildFile; fileRef = 55CF7E301CA9B5FA00B1BE0C /* 2_of_clubs.png */; };
		55CF7E691CA9B60B00B1BE0C /* 2_of_diamonds.png in Resources */ = {isa = PBXBuildFile; fileRef = 55CF7E321CA9B60B00B1BE0C /* 2_of_diamonds.png */; };
		55CF7E6A1CA9B60B00B1BE0C /* 2_of_hearts.png in Resources */ = {isa = PBXBuildFile; fileRef = 55CF7E331CA9B60B00B1BE0C /* 2_of_hearts.png */; };
		55CF7E6B1CA9B60B00B1BE0C /* 2_of_spades.png in Resources */ = {isa = PBXBuildFile; fileRef = 55CF7E341CA9B60B00B1BE0C /* 2_of_spades.png */; };
		55CF7E6C1CA9B60B00B1BE0C /* 3_of_clubs.png in Resources */ = {isa = PBXBuildFile; fileRef = 55CF7E351CA9B60B00B1BE0C /* 3_of_clubs.png */; };
		55CF7E6D1CA9B60B00B1BE0C /* 3_of_diamonds.png in Resources */ = {isa = PBXBuildFile; fileRef = 55CF7E361CA9B60B00B1BE0C /* 3_of_diamonds.png */; };
		55CF7E6E1CA9B60B00B1BE0C /* 3_of_hearts.png in Resources */ = {isa = PBXBuildFile; fileRef = 55CF7E371CA9B60B00B1BE0C /* 3_of_hearts.png */; };
		55CF7E6F1CA9B60B00B1BE0C /* 3_of_spades.png in Resources */ = {isa = PBXBuildFile; fileRef = 55CF7E381CA9B60B00B1BE0C /* 3_of_spades.png */; };
		55CF7E701CA9B60B00B1BE0C /* 4_of_clubs.png in Resources */ = {isa = PBXBuildFile; fileRef = 55CF7E391CA9B60B00B1BE0C /* 4_of_clubs.png */; };
		55CF7E711CA9B60B00B1BE0C /* 4_of_diamonds.png in Resources */ = {isa = PBXBuildFile; fileRef = 55CF7E3A1CA9B60B00B1BE0C /* 4_of_diamonds.png */; };
		55CF7E721CA9B60B00B1BE0C /* 4_of_hearts.png in Resources */ = {isa = PBXBuildFile; fileRef = 55CF7E3B1CA9B60B00B1BE0C /* 4_of_hearts.png */; };
		55CF7E731CA9B60B00B1BE0C /* 4_of_spades.png in Resources */ = {isa = PBXBuildFile; fileRef = 55CF7E3C1CA9B60B00B1BE0C /* 4_of_spades.png */; };
		55CF7E741CA9B60B00B1BE0C /* 5_of_clubs.png in Resources */ = {isa = PBXBuildFile; fileRef = 55CF7E3D1CA9B60B00B1BE0C /* 5_of_clubs.png */; };
		55CF7E751CA9B60B00B1BE0C /* 5_of_diamonds.png in Resources */ = {isa = PBXBuildFile; fileRef = 55CF7E3E1CA9B60B00B1BE0C /* 5_of_diamonds.png */; };
		55CF7E761CA9B60B00B1BE0C /* 5_of_hearts.png in Resources */ = {isa = PBXBuildFile; fileRef = 55CF7E3F1CA9B60B00B1BE0C /* 5_of_hearts.png */; };
		55CF7E771CA9B60B00B1BE0C /* 5_of_spades.png in Resources */ = {isa = PBXBuildFile; fileRef = 55CF7E401CA9B60B00B1BE0C /* 5_of_spades.png */; };
		55CF7E781CA9B60B00B1BE0C /* 6_of_clubs.png in Resources */ = {isa = PBXBuildFile; fileRef = 55CF7E411CA9B60B00B1BE0C /* 6_of_clubs.png */; };
		55CF7E791CA9B60B00B1BE0C /* 6_of_diamonds.png in Resources */ = {isa = PBXBuildFile; fileRef = 55CF7E421CA9B60B00B1BE0C /* 6_of_diamonds.png */; };
		55CF7E7A1CA9B60B00B1BE0C /* 6_of_hearts.png in Resources */ = {isa = PBXBuildFile; fileRef = 55CF7E431CA9B60B00B1BE0C /* 6_of_hearts.png */; };
		55CF7E7B1CA9B60B00B1BE0C /* 6_of_spades.png in Resources */ = {isa = PBXBuildFile; fileRef = 55CF7E441CA9B60B00B1BE0C /* 6_of_spades.png */; };
		55CF7E7C1CA9B60B00B1BE0C /* 7_of_clubs.png in Resources */ = {isa = PBXBuildFile; fileRef = 55CF7E451CA9B60B00B1BE0C /* 7_of_clubs.png */; };
		55CF7E7D1CA9B60B00B1BE0C /* 7_of_diamonds.png in Resources */ = {isa = PBXBuildFile; fileRef = 55CF7E461CA9B60B00B1BE0C /* 7_of_diamonds.png */; };
		55CF7E7E1CA9B60B00B1BE0C /* 7_of_hearts.png in Resources */ = {isa = PBXBuildFile; fileRef = 55CF7E471CA9B60B00B1BE0C /* 7_of_hearts.png */; };
		55CF7E7F1CA9B60B00B1BE0C /* 7_of_spades.png in Resources */ = {isa = PBXBuildFile; fileRef = 55CF7E481CA9B60B00B1BE0C /* 7_of_spades.png */; };
		55CF7E801CA9B60B00B1BE0C /* 8_of_clubs.png in Resources */ = {isa = PBXBuildFile; fileRef = 55CF7E491CA9B60B00B1BE0C /* 8_of_clubs.png */; };
		55CF7E811CA9B60B00B1BE0C /* 8_of_diamonds.png in Resources */ = {isa = PBXBuildFile; fileRef = 55CF7E4A1CA9B60B00B1BE0C /* 8_of_diamonds.png */; };
		55CF7E821CA9B60B00B1BE0C /* 8_of_hearts.png in Resources */ = {isa = PBXBuildFile; fileRef = 55CF7E4B1CA9B60B00B1BE0C /* 8_of_hearts.png */; };
		55CF7E831CA9B60B00B1BE0C /* 8_of_spades.png in Resources */ = {isa = PBXBuildFile; fileRef = 55CF7E4C1CA9B60B00B1BE0C /* 8_of_spades.png */; };
		55CF7E841CA9B60B00B1BE0C /* 9_of_clubs.png in Resources */ = {isa = PBXBuildFile; fileRef = 55CF7E4D1CA9B60B00B1BE0C /* 9_of_clubs.png */; };
		55CF7E851CA9B60B00B1BE0C /* 9_of_diamonds.png in Resources */ = {isa = PBXBuildFile; fileRef = 55CF7E4E1CA9B60B00B1BE0C /* 9_of_diamonds.png */; };
		55CF7E861CA9B60B00B1BE0C /* 9_of_hearts.png in Resources */ = {isa = PBXBuildFile; fileRef = 55CF7E4F1CA9B60B00B1BE0C /* 9_of_hearts.png */; };
		55CF7E871CA9B60B00B1BE0C /* 9_of_spades.png in Resources */ = {isa = PBXBuildFile; fileRef = 55CF7E501CA9B60B00B1BE0C /* 9_of_spades.png */; };
		55CF7E881CA9B60B00B1BE0C /* 10_of_clubs.png in Resources */ = {isa = PBXBuildFile; fileRef = 55CF7E511CA9B60B00B1BE0C /* 10_of_clubs.png */; };
		55CF7E891CA9B60B00B1BE0C /* 10_of_diamonds.png in Resources */ = {isa = PBXBuildFile; fileRef = 55CF7E521CA9B60B00B1BE0C /* 10_of_diamonds.png */; };
		55CF7E8A1CA9B60B00B1BE0C /* 10_of_hearts.png in Resources */ = {isa = PBXBuildFile; fileRef = 55CF7E531CA9B60B00B1BE0C /* 10_of_hearts.png */; };
		55CF7E8B1CA9B60B00B1BE0C /* 10_of_spades.png in Resources */ = {isa = PBXBuildFile; fileRef = 55CF7E541CA9B60B00B1BE0C /* 10_of_spades.png */; };
		55CF7E8C1CA9B60B00B1BE0C /* ace_of_clubs.png in Resources */ = {isa = PBXBuildFile; fileRef = 55CF7E551CA9B60B00B1BE0C /* ace_of_clubs.png */; };
		55CF7E8D1CA9B60B00B1BE0C /* ace_of_diamonds.png in Resources */ = {isa = PBXBuildFile; fileRef = 55CF7E561CA9B60B00B1BE0C /* ace_of_diamonds.png */; };
		55CF7E8E1CA9B60B00B1BE0C /* ace_of_hearts.png in Resources */ = {isa = PBXBuildFile; fileRef = 55CF7E571CA9B60B00B1BE0C /* ace_of_hearts.png */; };
		55CF7E8F1CA9B60B00B1BE0C /* ace_of_spades.png in Resources */ = {isa = PBXBuildFile; fileRef = 55CF7E581CA9B60B00B1BE0C /* ace_of_spades.png */; };
		55CF7E901CA9B60B00B1BE0C /* back.png in Resources */ = {isa = PBXBuildFile; fileRef = 55CF7E591CA9B60B00B1BE0C /* back.png */; };
		55CF7E911CA9B60B00B1BE0C /* back@2x.png in Resources */ = {isa = PBXBuildFile; fileRef = 55CF7E5A1CA9B60B00B1BE0C /* back@2x.png */; };
		55CF7E921CA9B60B00B1BE0C /* black_joker.png in Resources */ = {isa = PBXBuildFile; fileRef = 55CF7E5B1CA9B60B00B1BE0C /* black_joker.png */; };
		55CF7E931CA9B60B00B1BE0C /* jack_of_clubs.png in Resources */ = {isa = PBXBuildFile; fileRef = 55CF7E5C1CA9B60B00B1BE0C /* jack_of_clubs.png */; };
		55CF7E941CA9B60B00B1BE0C /* jack_of_diamonds.png in Resources */ = {isa = PBXBuildFile; fileRef = 55CF7E5D1CA9B60B00B1BE0C /* jack_of_diamonds.png */; };
		55CF7E951CA9B60B00B1BE0C /* jack_of_hearts.png in Resources */ = {isa = PBXBuildFile; fileRef = 55CF7E5E1CA9B60B00B1BE0C /* jack_of_hearts.png */; };
		55CF7E961CA9B60B00B1BE0C /* jack_of_spades.png in Resources */ = {isa = PBXBuildFile; fileRef = 55CF7E5F1CA9B60B00B1BE0C /* jack_of_spades.png */; };
		55CF7E971CA9B60B00B1BE0C /* king_of_clubs.png in Resources */ = {isa = PBXBuildFile; fileRef = 55CF7E601CA9B60B00B1BE0C /* king_of_clubs.png */; };
		55CF7E981CA9B60B00B1BE0C /* king_of_diamonds.png in Resources */ = {isa = PBXBuildFile; fileRef = 55CF7E611CA9B60B00B1BE0C /* king_of_diamonds.png */; };
		55CF7E991CA9B60B00B1BE0C /* king_of_hearts.png in Resources */ = {isa = PBXBuildFile; fileRef = 55CF7E621CA9B60B00B1BE0C /* king_of_hearts.png */; };
		55CF7E9A1CA9B60B00B1BE0C /* king_of_spades.png in Resources */ = {isa = PBXBuildFile; fileRef = 55CF7E631CA9B60B00B1BE0C /* king_of_spades.png */; };
		55CF7E9B1CA9B60B00B1BE0C /* queen_of_clubs.png in Resources */ = {isa = PBXBuildFile; fileRef = 55CF7E641CA9B60B00B1BE0C /* queen_of_clubs.png */; };
		55CF7E9C1CA9B60B00B1BE0C /* queen_of_diamonds.png in Resources */ = {isa = PBXBuildFile; fileRef = 55CF7E651CA9B60B00B1BE0C /* queen_of_diamonds.png */; };
		55CF7E9D1CA9B60B00B1BE0C /* queen_of_hearts.png in Resources */ = {isa = PBXBuildFile; fileRef = 55CF7E661CA9B60B00B1BE0C /* queen_of_hearts.png */; };
		55CF7E9E1CA9B60B00B1BE0C /* queen_of_spades.png in Resources */ = {isa = PBXBuildFile; fileRef = 55CF7E671CA9B60B00B1BE0C /* queen_of_spades.png */; };
		55CF7E9F1CA9B60B00B1BE0C /* red_joker.png in Resources */ = {isa = PBXBuildFile; fileRef = 55CF7E681CA9B60B00B1BE0C /* red_joker.png */; };
		55CF7EA11CAB17BF00B1BE0C /* SwipeLogic.swift in Sources */ = {isa = PBXBuildFile; fileRef = 55CF7EA01CAB17BF00B1BE0C /* SwipeLogic.swift */; };
/* End PBXBuildFile section */

/* Begin PBXFileReference section */
		5534AFCC1C84E516006188CB /* FractionsWar.app */ = {isa = PBXFileReference; explicitFileType = wrapper.application; includeInIndex = 0; path = FractionsWar.app; sourceTree = BUILT_PRODUCTS_DIR; };
		5534AFCF1C84E516006188CB /* AppDelegate.swift */ = {isa = PBXFileReference; lastKnownFileType = sourcecode.swift; path = AppDelegate.swift; sourceTree = "<group>"; };
		5534AFD11C84E516006188CB /* ViewController.swift */ = {isa = PBXFileReference; lastKnownFileType = sourcecode.swift; path = ViewController.swift; sourceTree = "<group>"; };
		5534AFD41C84E516006188CB /* Base */ = {isa = PBXFileReference; lastKnownFileType = file.storyboard; name = Base; path = Base.lproj/Main.storyboard; sourceTree = "<group>"; };
		5534AFD61C84E516006188CB /* Assets.xcassets */ = {isa = PBXFileReference; lastKnownFileType = folder.assetcatalog; path = Assets.xcassets; sourceTree = "<group>"; };
		5534AFD91C84E516006188CB /* Base */ = {isa = PBXFileReference; lastKnownFileType = file.storyboard; name = Base; path = Base.lproj/LaunchScreen.storyboard; sourceTree = "<group>"; };
		5534AFDB1C84E516006188CB /* Info.plist */ = {isa = PBXFileReference; lastKnownFileType = text.plist.xml; path = Info.plist; sourceTree = "<group>"; };
		5534AFEF1C86100A006188CB /* back@2x.png */ = {isa = PBXFileReference; lastKnownFileType = image.png; name = "back@2x.png"; path = "png/back@2x.png"; sourceTree = "<group>"; };
		5534AFF11C862F70006188CB /* Card.swift */ = {isa = PBXFileReference; fileEncoding = 4; lastKnownFileType = sourcecode.swift; path = Card.swift; sourceTree = "<group>"; };
		5534B0061C877045006188CB /* Deck.swift */ = {isa = PBXFileReference; fileEncoding = 4; lastKnownFileType = sourcecode.swift; path = Deck.swift; sourceTree = "<group>"; };
		55CF7E231CA5182500B1BE0C /* Card2.swift */ = {isa = PBXFileReference; fileEncoding = 4; lastKnownFileType = sourcecode.swift; path = Card2.swift; sourceTree = "<group>"; };
		55CF7E251CA51DF700B1BE0C /* Hand.swift */ = {isa = PBXFileReference; fileEncoding = 4; lastKnownFileType = sourcecode.swift; path = Hand.swift; sourceTree = "<group>"; };
		55CF7E271CA51EFA00B1BE0C /* Round.swift */ = {isa = PBXFileReference; fileEncoding = 4; lastKnownFileType = sourcecode.swift; path = Round.swift; sourceTree = "<group>"; };
		55CF7E291CA51F1700B1BE0C /* Game.swift */ = {isa = PBXFileReference; fileEncoding = 4; lastKnownFileType = sourcecode.swift; path = Game.swift; sourceTree = "<group>"; };
		55CF7E2B1CA8E44C00B1BE0C /* Player.swift */ = {isa = PBXFileReference; fileEncoding = 4; lastKnownFileType = sourcecode.swift; path = Player.swift; sourceTree = "<group>"; };
		55CF7E2D1CA992C700B1BE0C /* CardView.swift */ = {isa = PBXFileReference; fileEncoding = 4; lastKnownFileType = sourcecode.swift; path = CardView.swift; sourceTree = "<group>"; };
		55CF7E301CA9B5FA00B1BE0C /* 2_of_clubs.png */ = {isa = PBXFileReference; lastKnownFileType = image.png; name = 2_of_clubs.png; path = png/2_of_clubs.png; sourceTree = "<group>"; };
		55CF7E321CA9B60B00B1BE0C /* 2_of_diamonds.png */ = {isa = PBXFileReference; lastKnownFileType = image.png; name = 2_of_diamonds.png; path = png/2_of_diamonds.png; sourceTree = "<group>"; };
		55CF7E331CA9B60B00B1BE0C /* 2_of_hearts.png */ = {isa = PBXFileReference; lastKnownFileType = image.png; name = 2_of_hearts.png; path = png/2_of_hearts.png; sourceTree = "<group>"; };
		55CF7E341CA9B60B00B1BE0C /* 2_of_spades.png */ = {isa = PBXFileReference; lastKnownFileType = image.png; name = 2_of_spades.png; path = png/2_of_spades.png; sourceTree = "<group>"; };
		55CF7E351CA9B60B00B1BE0C /* 3_of_clubs.png */ = {isa = PBXFileReference; lastKnownFileType = image.png; name = 3_of_clubs.png; path = png/3_of_clubs.png; sourceTree = "<group>"; };
		55CF7E361CA9B60B00B1BE0C /* 3_of_diamonds.png */ = {isa = PBXFileReference; lastKnownFileType = image.png; name = 3_of_diamonds.png; path = png/3_of_diamonds.png; sourceTree = "<group>"; };
		55CF7E371CA9B60B00B1BE0C /* 3_of_hearts.png */ = {isa = PBXFileReference; lastKnownFileType = image.png; name = 3_of_hearts.png; path = png/3_of_hearts.png; sourceTree = "<group>"; };
		55CF7E381CA9B60B00B1BE0C /* 3_of_spades.png */ = {isa = PBXFileReference; lastKnownFileType = image.png; name = 3_of_spades.png; path = png/3_of_spades.png; sourceTree = "<group>"; };
		55CF7E391CA9B60B00B1BE0C /* 4_of_clubs.png */ = {isa = PBXFileReference; lastKnownFileType = image.png; name = 4_of_clubs.png; path = png/4_of_clubs.png; sourceTree = "<group>"; };
		55CF7E3A1CA9B60B00B1BE0C /* 4_of_diamonds.png */ = {isa = PBXFileReference; lastKnownFileType = image.png; name = 4_of_diamonds.png; path = png/4_of_diamonds.png; sourceTree = "<group>"; };
		55CF7E3B1CA9B60B00B1BE0C /* 4_of_hearts.png */ = {isa = PBXFileReference; lastKnownFileType = image.png; name = 4_of_hearts.png; path = png/4_of_hearts.png; sourceTree = "<group>"; };
		55CF7E3C1CA9B60B00B1BE0C /* 4_of_spades.png */ = {isa = PBXFileReference; lastKnownFileType = image.png; name = 4_of_spades.png; path = png/4_of_spades.png; sourceTree = "<group>"; };
		55CF7E3D1CA9B60B00B1BE0C /* 5_of_clubs.png */ = {isa = PBXFileReference; lastKnownFileType = image.png; name = 5_of_clubs.png; path = png/5_of_clubs.png; sourceTree = "<group>"; };
		55CF7E3E1CA9B60B00B1BE0C /* 5_of_diamonds.png */ = {isa = PBXFileReference; lastKnownFileType = image.png; name = 5_of_diamonds.png; path = png/5_of_diamonds.png; sourceTree = "<group>"; };
		55CF7E3F1CA9B60B00B1BE0C /* 5_of_hearts.png */ = {isa = PBXFileReference; lastKnownFileType = image.png; name = 5_of_hearts.png; path = png/5_of_hearts.png; sourceTree = "<group>"; };
		55CF7E401CA9B60B00B1BE0C /* 5_of_spades.png */ = {isa = PBXFileReference; lastKnownFileType = image.png; name = 5_of_spades.png; path = png/5_of_spades.png; sourceTree = "<group>"; };
		55CF7E411CA9B60B00B1BE0C /* 6_of_clubs.png */ = {isa = PBXFileReference; lastKnownFileType = image.png; name = 6_of_clubs.png; path = png/6_of_clubs.png; sourceTree = "<group>"; };
		55CF7E421CA9B60B00B1BE0C /* 6_of_diamonds.png */ = {isa = PBXFileReference; lastKnownFileType = image.png; name = 6_of_diamonds.png; path = png/6_of_diamonds.png; sourceTree = "<group>"; };
		55CF7E431CA9B60B00B1BE0C /* 6_of_hearts.png */ = {isa = PBXFileReference; lastKnownFileType = image.png; name = 6_of_hearts.png; path = png/6_of_hearts.png; sourceTree = "<group>"; };
		55CF7E441CA9B60B00B1BE0C /* 6_of_spades.png */ = {isa = PBXFileReference; lastKnownFileType = image.png; name = 6_of_spades.png; path = png/6_of_spades.png; sourceTree = "<group>"; };
		55CF7E451CA9B60B00B1BE0C /* 7_of_clubs.png */ = {isa = PBXFileReference; lastKnownFileType = image.png; name = 7_of_clubs.png; path = png/7_of_clubs.png; sourceTree = "<group>"; };
		55CF7E461CA9B60B00B1BE0C /* 7_of_diamonds.png */ = {isa = PBXFileReference; lastKnownFileType = image.png; name = 7_of_diamonds.png; path = png/7_of_diamonds.png; sourceTree = "<group>"; };
		55CF7E471CA9B60B00B1BE0C /* 7_of_hearts.png */ = {isa = PBXFileReference; lastKnownFileType = image.png; name = 7_of_hearts.png; path = png/7_of_hearts.png; sourceTree = "<group>"; };
		55CF7E481CA9B60B00B1BE0C /* 7_of_spades.png */ = {isa = PBXFileReference; lastKnownFileType = image.png; name = 7_of_spades.png; path = png/7_of_spades.png; sourceTree = "<group>"; };
		55CF7E491CA9B60B00B1BE0C /* 8_of_clubs.png */ = {isa = PBXFileReference; lastKnownFileType = image.png; name = 8_of_clubs.png; path = png/8_of_clubs.png; sourceTree = "<group>"; };
		55CF7E4A1CA9B60B00B1BE0C /* 8_of_diamonds.png */ = {isa = PBXFileReference; lastKnownFileType = image.png; name = 8_of_diamonds.png; path = png/8_of_diamonds.png; sourceTree = "<group>"; };
		55CF7E4B1CA9B60B00B1BE0C /* 8_of_hearts.png */ = {isa = PBXFileReference; lastKnownFileType = image.png; name = 8_of_hearts.png; path = png/8_of_hearts.png; sourceTree = "<group>"; };
		55CF7E4C1CA9B60B00B1BE0C /* 8_of_spades.png */ = {isa = PBXFileReference; lastKnownFileType = image.png; name = 8_of_spades.png; path = png/8_of_spades.png; sourceTree = "<group>"; };
		55CF7E4D1CA9B60B00B1BE0C /* 9_of_clubs.png */ = {isa = PBXFileReference; lastKnownFileType = image.png; name = 9_of_clubs.png; path = png/9_of_clubs.png; sourceTree = "<group>"; };
		55CF7E4E1CA9B60B00B1BE0C /* 9_of_diamonds.png */ = {isa = PBXFileReference; lastKnownFileType = image.png; name = 9_of_diamonds.png; path = png/9_of_diamonds.png; sourceTree = "<group>"; };
		55CF7E4F1CA9B60B00B1BE0C /* 9_of_hearts.png */ = {isa = PBXFileReference; lastKnownFileType = image.png; name = 9_of_hearts.png; path = png/9_of_hearts.png; sourceTree = "<group>"; };
		55CF7E501CA9B60B00B1BE0C /* 9_of_spades.png */ = {isa = PBXFileReference; lastKnownFileType = image.png; name = 9_of_spades.png; path = png/9_of_spades.png; sourceTree = "<group>"; };
		55CF7E511CA9B60B00B1BE0C /* 10_of_clubs.png */ = {isa = PBXFileReference; lastKnownFileType = image.png; name = 10_of_clubs.png; path = png/10_of_clubs.png; sourceTree = "<group>"; };
		55CF7E521CA9B60B00B1BE0C /* 10_of_diamonds.png */ = {isa = PBXFileReference; lastKnownFileType = image.png; name = 10_of_diamonds.png; path = png/10_of_diamonds.png; sourceTree = "<group>"; };
		55CF7E531CA9B60B00B1BE0C /* 10_of_hearts.png */ = {isa = PBXFileReference; lastKnownFileType = image.png; name = 10_of_hearts.png; path = png/10_of_hearts.png; sourceTree = "<group>"; };
		55CF7E541CA9B60B00B1BE0C /* 10_of_spades.png */ = {isa = PBXFileReference; lastKnownFileType = image.png; name = 10_of_spades.png; path = png/10_of_spades.png; sourceTree = "<group>"; };
		55CF7E551CA9B60B00B1BE0C /* ace_of_clubs.png */ = {isa = PBXFileReference; lastKnownFileType = image.png; name = ace_of_clubs.png; path = png/ace_of_clubs.png; sourceTree = "<group>"; };
		55CF7E561CA9B60B00B1BE0C /* ace_of_diamonds.png */ = {isa = PBXFileReference; lastKnownFileType = image.png; name = ace_of_diamonds.png; path = png/ace_of_diamonds.png; sourceTree = "<group>"; };
		55CF7E571CA9B60B00B1BE0C /* ace_of_hearts.png */ = {isa = PBXFileReference; lastKnownFileType = image.png; name = ace_of_hearts.png; path = png/ace_of_hearts.png; sourceTree = "<group>"; };
		55CF7E581CA9B60B00B1BE0C /* ace_of_spades.png */ = {isa = PBXFileReference; lastKnownFileType = image.png; name = ace_of_spades.png; path = png/ace_of_spades.png; sourceTree = "<group>"; };
		55CF7E591CA9B60B00B1BE0C /* back.png */ = {isa = PBXFileReference; lastKnownFileType = image.png; name = back.png; path = png/back.png; sourceTree = "<group>"; };
		55CF7E5A1CA9B60B00B1BE0C /* back@2x.png */ = {isa = PBXFileReference; lastKnownFileType = image.png; name = "back@2x.png"; path = "png/back@2x.png"; sourceTree = "<group>"; };
		55CF7E5B1CA9B60B00B1BE0C /* black_joker.png */ = {isa = PBXFileReference; lastKnownFileType = image.png; name = black_joker.png; path = png/black_joker.png; sourceTree = "<group>"; };
		55CF7E5C1CA9B60B00B1BE0C /* jack_of_clubs.png */ = {isa = PBXFileReference; lastKnownFileType = image.png; name = jack_of_clubs.png; path = png/jack_of_clubs.png; sourceTree = "<group>"; };
		55CF7E5D1CA9B60B00B1BE0C /* jack_of_diamonds.png */ = {isa = PBXFileReference; lastKnownFileType = image.png; name = jack_of_diamonds.png; path = png/jack_of_diamonds.png; sourceTree = "<group>"; };
		55CF7E5E1CA9B60B00B1BE0C /* jack_of_hearts.png */ = {isa = PBXFileReference; lastKnownFileType = image.png; name = jack_of_hearts.png; path = png/jack_of_hearts.png; sourceTree = "<group>"; };
		55CF7E5F1CA9B60B00B1BE0C /* jack_of_spades.png */ = {isa = PBXFileReference; lastKnownFileType = image.png; name = jack_of_spades.png; path = png/jack_of_spades.png; sourceTree = "<group>"; };
		55CF7E601CA9B60B00B1BE0C /* king_of_clubs.png */ = {isa = PBXFileReference; lastKnownFileType = image.png; name = king_of_clubs.png; path = png/king_of_clubs.png; sourceTree = "<group>"; };
		55CF7E611CA9B60B00B1BE0C /* king_of_diamonds.png */ = {isa = PBXFileReference; lastKnownFileType = image.png; name = king_of_diamonds.png; path = png/king_of_diamonds.png; sourceTree = "<group>"; };
		55CF7E621CA9B60B00B1BE0C /* king_of_hearts.png */ = {isa = PBXFileReference; lastKnownFileType = image.png; name = king_of_hearts.png; path = png/king_of_hearts.png; sourceTree = "<group>"; };
		55CF7E631CA9B60B00B1BE0C /* king_of_spades.png */ = {isa = PBXFileReference; lastKnownFileType = image.png; name = king_of_spades.png; path = png/king_of_spades.png; sourceTree = "<group>"; };
		55CF7E641CA9B60B00B1BE0C /* queen_of_clubs.png */ = {isa = PBXFileReference; lastKnownFileType = image.png; name = queen_of_clubs.png; path = png/queen_of_clubs.png; sourceTree = "<group>"; };
		55CF7E651CA9B60B00B1BE0C /* queen_of_diamonds.png */ = {isa = PBXFileReference; lastKnownFileType = image.png; name = queen_of_diamonds.png; path = png/queen_of_diamonds.png; sourceTree = "<group>"; };
		55CF7E661CA9B60B00B1BE0C /* queen_of_hearts.png */ = {isa = PBXFileReference; lastKnownFileType = image.png; name = queen_of_hearts.png; path = png/queen_of_hearts.png; sourceTree = "<group>"; };
		55CF7E671CA9B60B00B1BE0C /* queen_of_spades.png */ = {isa = PBXFileReference; lastKnownFileType = image.png; name = queen_of_spades.png; path = png/queen_of_spades.png; sourceTree = "<group>"; };
		55CF7E681CA9B60B00B1BE0C /* red_joker.png */ = {isa = PBXFileReference; lastKnownFileType = image.png; name = red_joker.png; path = png/red_joker.png; sourceTree = "<group>"; };
		55CF7EA01CAB17BF00B1BE0C /* SwipeLogic.swift */ = {isa = PBXFileReference; fileEncoding = 4; lastKnownFileType = sourcecode.swift; path = SwipeLogic.swift; sourceTree = "<group>"; };
/* End PBXFileReference section */

/* Begin PBXFrameworksBuildPhase section */
		5534AFC91C84E516006188CB /* Frameworks */ = {
			isa = PBXFrameworksBuildPhase;
			buildActionMask = 2147483647;
			files = (
			);
			runOnlyForDeploymentPostprocessing = 0;
		};
/* End PBXFrameworksBuildPhase section */

/* Begin PBXGroup section */
		5534AFC31C84E516006188CB = {
			isa = PBXGroup;
			children = (
				5534AFCE1C84E516006188CB /* FractionsWar */,
				5534AFCD1C84E516006188CB /* Products */,
			);
			sourceTree = "<group>";
		};
		5534AFCD1C84E516006188CB /* Products */ = {
			isa = PBXGroup;
			children = (
				5534AFCC1C84E516006188CB /* FractionsWar.app */,
			);
			name = Products;
			sourceTree = "<group>";
		};
		5534AFCE1C84E516006188CB /* FractionsWar */ = {
			isa = PBXGroup;
			children = (
				5534AFCF1C84E516006188CB /* AppDelegate.swift */,
				5534AFD11C84E516006188CB /* ViewController.swift */,
				55CF7EA01CAB17BF00B1BE0C /* SwipeLogic.swift */,
				55CF7E291CA51F1700B1BE0C /* Game.swift */,
				55CF7E2B1CA8E44C00B1BE0C /* Player.swift */,
				55CF7E271CA51EFA00B1BE0C /* Round.swift */,
				55CF7E251CA51DF700B1BE0C /* Hand.swift */,
				55CF7E231CA5182500B1BE0C /* Card2.swift */,
				55CF7E2D1CA992C700B1BE0C /* CardView.swift */,
				5534B0061C877045006188CB /* Deck.swift */,
				5534AFF11C862F70006188CB /* Card.swift */,
				5534AFD31C84E516006188CB /* Main.storyboard */,
				5534AFD61C84E516006188CB /* Assets.xcassets */,
				55CF7E2F1CA9B5A200B1BE0C /* CardPics */,
				5534AFD81C84E516006188CB /* LaunchScreen.storyboard */,
				5534AFDB1C84E516006188CB /* Info.plist */,
			);
			path = FractionsWar;
			sourceTree = "<group>";
		};
		55CF7E2F1CA9B5A200B1BE0C /* CardPics */ = {
			isa = PBXGroup;
			children = (
				5534AFEF1C86100A006188CB /* back@2x.png */,
				55CF7E301CA9B5FA00B1BE0C /* 2_of_clubs.png */,
				55CF7E321CA9B60B00B1BE0C /* 2_of_diamonds.png */,
				55CF7E331CA9B60B00B1BE0C /* 2_of_hearts.png */,
				55CF7E341CA9B60B00B1BE0C /* 2_of_spades.png */,
				55CF7E351CA9B60B00B1BE0C /* 3_of_clubs.png */,
				55CF7E361CA9B60B00B1BE0C /* 3_of_diamonds.png */,
				55CF7E371CA9B60B00B1BE0C /* 3_of_hearts.png */,
				55CF7E381CA9B60B00B1BE0C /* 3_of_spades.png */,
				55CF7E391CA9B60B00B1BE0C /* 4_of_clubs.png */,
				55CF7E3A1CA9B60B00B1BE0C /* 4_of_diamonds.png */,
				55CF7E3B1CA9B60B00B1BE0C /* 4_of_hearts.png */,
				55CF7E3C1CA9B60B00B1BE0C /* 4_of_spades.png */,
				55CF7E3D1CA9B60B00B1BE0C /* 5_of_clubs.png */,
				55CF7E3E1CA9B60B00B1BE0C /* 5_of_diamonds.png */,
				55CF7E3F1CA9B60B00B1BE0C /* 5_of_hearts.png */,
				55CF7E401CA9B60B00B1BE0C /* 5_of_spades.png */,
				55CF7E411CA9B60B00B1BE0C /* 6_of_clubs.png */,
				55CF7E421CA9B60B00B1BE0C /* 6_of_diamonds.png */,
				55CF7E431CA9B60B00B1BE0C /* 6_of_hearts.png */,
				55CF7E441CA9B60B00B1BE0C /* 6_of_spades.png */,
				55CF7E451CA9B60B00B1BE0C /* 7_of_clubs.png */,
				55CF7E461CA9B60B00B1BE0C /* 7_of_diamonds.png */,
				55CF7E471CA9B60B00B1BE0C /* 7_of_hearts.png */,
				55CF7E481CA9B60B00B1BE0C /* 7_of_spades.png */,
				55CF7E491CA9B60B00B1BE0C /* 8_of_clubs.png */,
				55CF7E4A1CA9B60B00B1BE0C /* 8_of_diamonds.png */,
				55CF7E4B1CA9B60B00B1BE0C /* 8_of_hearts.png */,
				55CF7E4C1CA9B60B00B1BE0C /* 8_of_spades.png */,
				55CF7E4D1CA9B60B00B1BE0C /* 9_of_clubs.png */,
				55CF7E4E1CA9B60B00B1BE0C /* 9_of_diamonds.png */,
				55CF7E4F1CA9B60B00B1BE0C /* 9_of_hearts.png */,
				55CF7E501CA9B60B00B1BE0C /* 9_of_spades.png */,
				55CF7E511CA9B60B00B1BE0C /* 10_of_clubs.png */,
				55CF7E521CA9B60B00B1BE0C /* 10_of_diamonds.png */,
				55CF7E531CA9B60B00B1BE0C /* 10_of_hearts.png */,
				55CF7E541CA9B60B00B1BE0C /* 10_of_spades.png */,
				55CF7E551CA9B60B00B1BE0C /* ace_of_clubs.png */,
				55CF7E561CA9B60B00B1BE0C /* ace_of_diamonds.png */,
				55CF7E571CA9B60B00B1BE0C /* ace_of_hearts.png */,
				55CF7E581CA9B60B00B1BE0C /* ace_of_spades.png */,
				55CF7E591CA9B60B00B1BE0C /* back.png */,
				55CF7E5A1CA9B60B00B1BE0C /* back@2x.png */,
				55CF7E5B1CA9B60B00B1BE0C /* black_joker.png */,
				55CF7E5C1CA9B60B00B1BE0C /* jack_of_clubs.png */,
				55CF7E5D1CA9B60B00B1BE0C /* jack_of_diamonds.png */,
				55CF7E5E1CA9B60B00B1BE0C /* jack_of_hearts.png */,
				55CF7E5F1CA9B60B00B1BE0C /* jack_of_spades.png */,
				55CF7E601CA9B60B00B1BE0C /* king_of_clubs.png */,
				55CF7E611CA9B60B00B1BE0C /* king_of_diamonds.png */,
				55CF7E621CA9B60B00B1BE0C /* king_of_hearts.png */,
				55CF7E631CA9B60B00B1BE0C /* king_of_spades.png */,
				55CF7E641CA9B60B00B1BE0C /* queen_of_clubs.png */,
				55CF7E651CA9B60B00B1BE0C /* queen_of_diamonds.png */,
				55CF7E661CA9B60B00B1BE0C /* queen_of_hearts.png */,
				55CF7E671CA9B60B00B1BE0C /* queen_of_spades.png */,
				55CF7E681CA9B60B00B1BE0C /* red_joker.png */,
			);
			name = CardPics;
			sourceTree = "<group>";
		};
/* End PBXGroup section */

/* Begin PBXNativeTarget section */
		5534AFCB1C84E516006188CB /* FractionsWar */ = {
			isa = PBXNativeTarget;
			buildConfigurationList = 5534AFDE1C84E516006188CB /* Build configuration list for PBXNativeTarget "FractionsWar" */;
			buildPhases = (
				5534AFC81C84E516006188CB /* Sources */,
				5534AFC91C84E516006188CB /* Frameworks */,
				5534AFCA1C84E516006188CB /* Resources */,
			);
			buildRules = (
			);
			dependencies = (
			);
			name = FractionsWar;
			productName = FractionsWar;
			productReference = 5534AFCC1C84E516006188CB /* FractionsWar.app */;
			productType = "com.apple.product-type.application";
		};
/* End PBXNativeTarget section */

/* Begin PBXProject section */
		5534AFC41C84E516006188CB /* Project object */ = {
			isa = PBXProject;
			attributes = {
				LastSwiftUpdateCheck = 0720;
				LastUpgradeCheck = 0720;
				TargetAttributes = {
					5534AFCB1C84E516006188CB = {
						CreatedOnToolsVersion = 7.2;
					};
				};
			};
			buildConfigurationList = 5534AFC71C84E516006188CB /* Build configuration list for PBXProject "FractionsWar" */;
			compatibilityVersion = "Xcode 3.2";
			developmentRegion = English;
			hasScannedForEncodings = 0;
			knownRegions = (
				en,
				Base,
			);
			mainGroup = 5534AFC31C84E516006188CB;
			productRefGroup = 5534AFCD1C84E516006188CB /* Products */;
			projectDirPath = "";
			projectRoot = "";
			targets = (
				5534AFCB1C84E516006188CB /* FractionsWar */,
			);
		};
/* End PBXProject section */

/* Begin PBXResourcesBuildPhase section */
		5534AFCA1C84E516006188CB /* Resources */ = {
			isa = PBXResourcesBuildPhase;
			buildActionMask = 2147483647;
			files = (
				55CF7E7F1CA9B60B00B1BE0C /* 7_of_spades.png in Resources */,
				55CF7E701CA9B60B00B1BE0C /* 4_of_clubs.png in Resources */,
				55CF7E791CA9B60B00B1BE0C /* 6_of_diamonds.png in Resources */,
				55CF7E821CA9B60B00B1BE0C /* 8_of_hearts.png in Resources */,
				55CF7E971CA9B60B00B1BE0C /* king_of_clubs.png in Resources */,
				55CF7E921CA9B60B00B1BE0C /* black_joker.png in Resources */,
				55CF7E801CA9B60B00B1BE0C /* 8_of_clubs.png in Resources */,
				55CF7E8D1CA9B60B00B1BE0C /* ace_of_diamonds.png in Resources */,
				55CF7E8B1CA9B60B00B1BE0C /* 10_of_spades.png in Resources */,
				55CF7E931CA9B60B00B1BE0C /* jack_of_clubs.png in Resources */,
				55CF7E871CA9B60B00B1BE0C /* 9_of_spades.png in Resources */,
				55CF7E781CA9B60B00B1BE0C /* 6_of_clubs.png in Resources */,
				55CF7E7E1CA9B60B00B1BE0C /* 7_of_hearts.png in Resources */,
				55CF7E941CA9B60B00B1BE0C /* jack_of_diamonds.png in Resources */,
				55CF7E6F1CA9B60B00B1BE0C /* 3_of_spades.png in Resources */,
				5534AFF01C86100A006188CB /* back@2x.png in Resources */,
				55CF7E9A1CA9B60B00B1BE0C /* king_of_spades.png in Resources */,
				55CF7E7C1CA9B60B00B1BE0C /* 7_of_clubs.png in Resources */,
				55CF7E6C1CA9B60B00B1BE0C /* 3_of_clubs.png in Resources */,
				55CF7E811CA9B60B00B1BE0C /* 8_of_diamonds.png in Resources */,
				55CF7E9E1CA9B60B00B1BE0C /* queen_of_spades.png in Resources */,
				55CF7E991CA9B60B00B1BE0C /* king_of_hearts.png in Resources */,
				55CF7E6E1CA9B60B00B1BE0C /* 3_of_hearts.png in Resources */,
				55CF7E711CA9B60B00B1BE0C /* 4_of_diamonds.png in Resources */,
				55CF7E6D1CA9B60B00B1BE0C /* 3_of_diamonds.png in Resources */,
				55CF7E9F1CA9B60B00B1BE0C /* red_joker.png in Resources */,
				55CF7E741CA9B60B00B1BE0C /* 5_of_clubs.png in Resources */,
				55CF7E981CA9B60B00B1BE0C /* king_of_diamonds.png in Resources */,
				55CF7E831CA9B60B00B1BE0C /* 8_of_spades.png in Resources */,
				55CF7E7B1CA9B60B00B1BE0C /* 6_of_spades.png in Resources */,
				55CF7E911CA9B60B00B1BE0C /* back@2x.png in Resources */,
				55CF7E721CA9B60B00B1BE0C /* 4_of_hearts.png in Resources */,
				55CF7E9B1CA9B60B00B1BE0C /* queen_of_clubs.png in Resources */,
				55CF7E951CA9B60B00B1BE0C /* jack_of_hearts.png in Resources */,
				55CF7E8C1CA9B60B00B1BE0C /* ace_of_clubs.png in Resources */,
				55CF7E8F1CA9B60B00B1BE0C /* ace_of_spades.png in Resources */,
				55CF7E881CA9B60B00B1BE0C /* 10_of_clubs.png in Resources */,
				55CF7E771CA9B60B00B1BE0C /* 5_of_spades.png in Resources */,
				55CF7E861CA9B60B00B1BE0C /* 9_of_hearts.png in Resources */,
				55CF7E961CA9B60B00B1BE0C /* jack_of_spades.png in Resources */,
				55CF7E6A1CA9B60B00B1BE0C /* 2_of_hearts.png in Resources */,
				55CF7E7A1CA9B60B00B1BE0C /* 6_of_hearts.png in Resources */,
				55CF7E8A1CA9B60B00B1BE0C /* 10_of_hearts.png in Resources */,
				55CF7E761CA9B60B00B1BE0C /* 5_of_hearts.png in Resources */,
				55CF7E841CA9B60B00B1BE0C /* 9_of_clubs.png in Resources */,
				55CF7E891CA9B60B00B1BE0C /* 10_of_diamonds.png in Resources */,
				55CF7E7D1CA9B60B00B1BE0C /* 7_of_diamonds.png in Resources */,
				55CF7E9C1CA9B60B00B1BE0C /* queen_of_diamonds.png in Resources */,
				55CF7E751CA9B60B00B1BE0C /* 5_of_diamonds.png in Resources */,
				5534AFDA1C84E516006188CB /* LaunchScreen.storyboard in Resources */,
				5534AFD71C84E516006188CB /* Assets.xcassets in Resources */,
				55CF7E8E1CA9B60B00B1BE0C /* ace_of_hearts.png in Resources */,
				5534AFD51C84E516006188CB /* Main.storyboard in Resources */,
				55CF7E851CA9B60B00B1BE0C /* 9_of_diamonds.png in Resources */,
				55CF7E311CA9B5FA00B1BE0C /* 2_of_clubs.png in Resources */,
				55CF7E9D1CA9B60B00B1BE0C /* queen_of_hearts.png in Resources */,
				55CF7E901CA9B60B00B1BE0C /* back.png in Resources */,
				55CF7E6B1CA9B60B00B1BE0C /* 2_of_spades.png in Resources */,
				55CF7E731CA9B60B00B1BE0C /* 4_of_spades.png in Resources */,
				55CF7E691CA9B60B00B1BE0C /* 2_of_diamonds.png in Resources */,
			);
			runOnlyForDeploymentPostprocessing = 0;
		};
/* End PBXResourcesBuildPhase section */

/* Begin PBXSourcesBuildPhase section */
		5534AFC81C84E516006188CB /* Sources */ = {
			isa = PBXSourcesBuildPhase;
			buildActionMask = 2147483647;
			files = (
				5534B0071C877045006188CB /* Deck.swift in Sources */,
				5534AFD21C84E516006188CB /* ViewController.swift in Sources */,
				55CF7E261CA51DF700B1BE0C /* Hand.swift in Sources */,
				55CF7E241CA5182500B1BE0C /* Card2.swift in Sources */,
				55CF7E2E1CA992C700B1BE0C /* CardView.swift in Sources */,
				5534AFF21C862F70006188CB /* Card.swift in Sources */,
				55CF7E281CA51EFA00B1BE0C /* Round.swift in Sources */,
				5534AFD01C84E516006188CB /* AppDelegate.swift in Sources */,
				55CF7E2C1CA8E44C00B1BE0C /* Player.swift in Sources */,
				55CF7E2A1CA51F1700B1BE0C /* Game.swift in Sources */,
				55CF7EA11CAB17BF00B1BE0C /* SwipeLogic.swift in Sources */,
			);
			runOnlyForDeploymentPostprocessing = 0;
		};
/* End PBXSourcesBuildPhase section */

/* Begin PBXVariantGroup section */
		5534AFD31C84E516006188CB /* Main.storyboard */ = {
			isa = PBXVariantGroup;
			children = (
				5534AFD41C84E516006188CB /* Base */,
			);
			name = Main.storyboard;
			sourceTree = "<group>";
		};
		5534AFD81C84E516006188CB /* LaunchScreen.storyboard */ = {
			isa = PBXVariantGroup;
			children = (
				5534AFD91C84E516006188CB /* Base */,
			);
			name = LaunchScreen.storyboard;
			sourceTree = "<group>";
		};
/* End PBXVariantGroup section */

/* Begin XCBuildConfiguration section */
		5534AFDC1C84E516006188CB /* Debug */ = {
			isa = XCBuildConfiguration;
			buildSettings = {
				ALWAYS_SEARCH_USER_PATHS = NO;
				CLANG_CXX_LANGUAGE_STANDARD = "gnu++0x";
				CLANG_CXX_LIBRARY = "libc++";
				CLANG_ENABLE_MODULES = YES;
				CLANG_ENABLE_OBJC_ARC = YES;
				CLANG_WARN_BOOL_CONVERSION = YES;
				CLANG_WARN_CONSTANT_CONVERSION = YES;
				CLANG_WARN_DIRECT_OBJC_ISA_USAGE = YES_ERROR;
				CLANG_WARN_EMPTY_BODY = YES;
				CLANG_WARN_ENUM_CONVERSION = YES;
				CLANG_WARN_INT_CONVERSION = YES;
				CLANG_WARN_OBJC_ROOT_CLASS = YES_ERROR;
				CLANG_WARN_UNREACHABLE_CODE = YES;
				CLANG_WARN__DUPLICATE_METHOD_MATCH = YES;
				"CODE_SIGN_IDENTITY[sdk=iphoneos*]" = "iPhone Developer";
				COPY_PHASE_STRIP = NO;
				DEBUG_INFORMATION_FORMAT = dwarf;
				ENABLE_STRICT_OBJC_MSGSEND = YES;
				ENABLE_TESTABILITY = YES;
				GCC_C_LANGUAGE_STANDARD = gnu99;
				GCC_DYNAMIC_NO_PIC = NO;
				GCC_NO_COMMON_BLOCKS = YES;
				GCC_OPTIMIZATION_LEVEL = 0;
				GCC_PREPROCESSOR_DEFINITIONS = (
					"DEBUG=1",
					"$(inherited)",
				);
				GCC_WARN_64_TO_32_BIT_CONVERSION = YES;
				GCC_WARN_ABOUT_RETURN_TYPE = YES_ERROR;
				GCC_WARN_UNDECLARED_SELECTOR = YES;
				GCC_WARN_UNINITIALIZED_AUTOS = YES_AGGRESSIVE;
				GCC_WARN_UNUSED_FUNCTION = YES;
				GCC_WARN_UNUSED_VARIABLE = YES;
				IPHONEOS_DEPLOYMENT_TARGET = 9.2;
				MTL_ENABLE_DEBUG_INFO = YES;
				ONLY_ACTIVE_ARCH = YES;
				SDKROOT = iphoneos;
				SWIFT_OPTIMIZATION_LEVEL = "-Onone";
			};
			name = Debug;
		};
		5534AFDD1C84E516006188CB /* Release */ = {
			isa = XCBuildConfiguration;
			buildSettings = {
				ALWAYS_SEARCH_USER_PATHS = NO;
				CLANG_CXX_LANGUAGE_STANDARD = "gnu++0x";
				CLANG_CXX_LIBRARY = "libc++";
				CLANG_ENABLE_MODULES = YES;
				CLANG_ENABLE_OBJC_ARC = YES;
				CLANG_WARN_BOOL_CONVERSION = YES;
				CLANG_WARN_CONSTANT_CONVERSION = YES;
				CLANG_WARN_DIRECT_OBJC_ISA_USAGE = YES_ERROR;
				CLANG_WARN_EMPTY_BODY = YES;
				CLANG_WARN_ENUM_CONVERSION = YES;
				CLANG_WARN_INT_CONVERSION = YES;
				CLANG_WARN_OBJC_ROOT_CLASS = YES_ERROR;
				CLANG_WARN_UNREACHABLE_CODE = YES;
				CLANG_WARN__DUPLICATE_METHOD_MATCH = YES;
				"CODE_SIGN_IDENTITY[sdk=iphoneos*]" = "iPhone Developer";
				COPY_PHASE_STRIP = NO;
				DEBUG_INFORMATION_FORMAT = "dwarf-with-dsym";
				ENABLE_NS_ASSERTIONS = NO;
				ENABLE_STRICT_OBJC_MSGSEND = YES;
				GCC_C_LANGUAGE_STANDARD = gnu99;
				GCC_NO_COMMON_BLOCKS = YES;
				GCC_WARN_64_TO_32_BIT_CONVERSION = YES;
				GCC_WARN_ABOUT_RETURN_TYPE = YES_ERROR;
				GCC_WARN_UNDECLARED_SELECTOR = YES;
				GCC_WARN_UNINITIALIZED_AUTOS = YES_AGGRESSIVE;
				GCC_WARN_UNUSED_FUNCTION = YES;
				GCC_WARN_UNUSED_VARIABLE = YES;
				IPHONEOS_DEPLOYMENT_TARGET = 9.2;
				MTL_ENABLE_DEBUG_INFO = NO;
				SDKROOT = iphoneos;
				VALIDATE_PRODUCT = YES;
			};
			name = Release;
		};
		5534AFDF1C84E516006188CB /* Debug */ = {
			isa = XCBuildConfiguration;
			buildSettings = {
				ASSETCATALOG_COMPILER_APPICON_NAME = AppIcon;
				INFOPLIST_FILE = FractionsWar/Info.plist;
				LD_RUNPATH_SEARCH_PATHS = "$(inherited) @executable_path/Frameworks";
				PRODUCT_BUNDLE_IDENTIFIER = com.FractionsWar.FractionsWar;
				PRODUCT_NAME = "$(TARGET_NAME)";
			};
			name = Debug;
		};
		5534AFE01C84E516006188CB /* Release */ = {
			isa = XCBuildConfiguration;
			buildSettings = {
				ASSETCATALOG_COMPILER_APPICON_NAME = AppIcon;
				INFOPLIST_FILE = FractionsWar/Info.plist;
				LD_RUNPATH_SEARCH_PATHS = "$(inherited) @executable_path/Frameworks";
				PRODUCT_BUNDLE_IDENTIFIER = com.FractionsWar.FractionsWar;
				PRODUCT_NAME = "$(TARGET_NAME)";
			};
			name = Release;
		};
/* End XCBuildConfiguration section */

/* Begin XCConfigurationList section */
		5534AFC71C84E516006188CB /* Build configuration list for PBXProject "FractionsWar" */ = {
			isa = XCConfigurationList;
			buildConfigurations = (
				5534AFDC1C84E516006188CB /* Debug */,
				5534AFDD1C84E516006188CB /* Release */,
			);
			defaultConfigurationIsVisible = 0;
			defaultConfigurationName = Release;
		};
		5534AFDE1C84E516006188CB /* Build configuration list for PBXNativeTarget "FractionsWar" */ = {
			isa = XCConfigurationList;
			buildConfigurations = (
				5534AFDF1C84E516006188CB /* Debug */,
				5534AFE01C84E516006188CB /* Release */,
			);
			defaultConfigurationIsVisible = 0;
			defaultConfigurationName = Release;
		};
/* End XCConfigurationList section */
	};
	rootObject = 5534AFC41C84E516006188CB /* Project object */;
}
