// !$*UTF8*$!
{
	archiveVersion = 1;
	classes = {
	};
	objectVersion = 46;
	objects = {

/* Begin PBXBuildFile section */
		5534AFD01C84E516006188CB /* AppDelegate.swift in Sources */ = {isa = PBXBuildFile; fileRef = 5534AFCF1C84E516006188CB /* AppDelegate.swift */; };
		5534AFD51C84E516006188CB /* Main.storyboard in Resources */ = {isa = PBXBuildFile; fileRef = 5534AFD31C84E516006188CB /* Main.storyboard */; };
		5534AFD71C84E516006188CB /* Assets.xcassets in Resources */ = {isa = PBXBuildFile; fileRef = 5534AFD61C84E516006188CB /* Assets.xcassets */; };
		5534AFDA1C84E516006188CB /* LaunchScreen.storyboard in Resources */ = {isa = PBXBuildFile; fileRef = 5534AFD81C84E516006188CB /* LaunchScreen.storyboard */; };
		5534B0071C877045006188CB /* Deck.swift in Sources */ = {isa = PBXBuildFile; fileRef = 5534B0061C877045006188CB /* Deck.swift */; };
		556BEF1F20270121005F24A7 /* Functions.swift in Sources */ = {isa = PBXBuildFile; fileRef = 556BEF1E20270121005F24A7 /* Functions.swift */; };
		556BEF2420270136005F24A7 /* GameState.swift in Sources */ = {isa = PBXBuildFile; fileRef = 556BEF2020270136005F24A7 /* GameState.swift */; };
		556BEF2520270136005F24A7 /* ResponseType.swift in Sources */ = {isa = PBXBuildFile; fileRef = 556BEF2120270136005F24A7 /* ResponseType.swift */; };
		556BEF2620270136005F24A7 /* PlayerType.swift in Sources */ = {isa = PBXBuildFile; fileRef = 556BEF2220270136005F24A7 /* PlayerType.swift */; };
		556BEF2720270136005F24A7 /* CardFlipType.swift in Sources */ = {isa = PBXBuildFile; fileRef = 556BEF2320270136005F24A7 /* CardFlipType.swift */; };
		556BEF2920270420005F24A7 /* ExportDataViewController.swift in Sources */ = {isa = PBXBuildFile; fileRef = 556BEF2820270420005F24A7 /* ExportDataViewController.swift */; };
		556BEF2D20270441005F24A7 /* SetUpCardsExt.swift in Sources */ = {isa = PBXBuildFile; fileRef = 556BEF2A20270441005F24A7 /* SetUpCardsExt.swift */; };
		556BEF2E20270441005F24A7 /* MoveAnimationExt.swift in Sources */ = {isa = PBXBuildFile; fileRef = 556BEF2B20270441005F24A7 /* MoveAnimationExt.swift */; };
		556BEF2F20270441005F24A7 /* SwipeLogicExt.swift in Sources */ = {isa = PBXBuildFile; fileRef = 556BEF2C20270441005F24A7 /* SwipeLogicExt.swift */; };
		556BEF4F202D0CA5005F24A7 /* DeckRandomizer.swift in Sources */ = {isa = PBXBuildFile; fileRef = 556BEF4E202D0CA5005F24A7 /* DeckRandomizer.swift */; };
		55CF7E241CA5182500B1BE0C /* Card.swift in Sources */ = {isa = PBXBuildFile; fileRef = 55CF7E231CA5182500B1BE0C /* Card.swift */; };
		55CF7E261CA51DF700B1BE0C /* Hand.swift in Sources */ = {isa = PBXBuildFile; fileRef = 55CF7E251CA51DF700B1BE0C /* Hand.swift */; };
		55CF7E281CA51EFA00B1BE0C /* Round.swift in Sources */ = {isa = PBXBuildFile; fileRef = 55CF7E271CA51EFA00B1BE0C /* Round.swift */; };
		55CF7E2A1CA51F1700B1BE0C /* Game.swift in Sources */ = {isa = PBXBuildFile; fileRef = 55CF7E291CA51F1700B1BE0C /* Game.swift */; };
		55CF7E2C1CA8E44C00B1BE0C /* Player.swift in Sources */ = {isa = PBXBuildFile; fileRef = 55CF7E2B1CA8E44C00B1BE0C /* Player.swift */; };
		DC0038C81CDAE44F00BFDE9C /* GameOverViewController.swift in Sources */ = {isa = PBXBuildFile; fileRef = DC0038C71CDAE44F00BFDE9C /* GameOverViewController.swift */; };
		DC5A20E91CC86A3F004986D2 /* PauseViewController.swift in Sources */ = {isa = PBXBuildFile; fileRef = DC5A20E81CC86A3F004986D2 /* PauseViewController.swift */; };
		DC5A20EB1CC876B7004986D2 /* SettingsViewController.swift in Sources */ = {isa = PBXBuildFile; fileRef = DC5A20EA1CC876B7004986D2 /* SettingsViewController.swift */; };
		DC5A20ED1CC878DB004986D2 /* Settings.plist in Resources */ = {isa = PBXBuildFile; fileRef = DC5A20EC1CC878DB004986D2 /* Settings.plist */; };
		DC62D9C21CE3CFB000F02B5A /* AboutViewController.swift in Sources */ = {isa = PBXBuildFile; fileRef = DC62D9C11CE3CFB000F02B5A /* AboutViewController.swift */; };
		DC762AA41CC490F3002A6445 /* MenuViewController.swift in Sources */ = {isa = PBXBuildFile; fileRef = DC762AA31CC490F3002A6445 /* MenuViewController.swift */; };
		DCA1D0B71CCF27F1007179BB /* Settings.swift in Sources */ = {isa = PBXBuildFile; fileRef = DCA1D0B61CCF27F1007179BB /* Settings.swift */; };
		DCC2001C1CBCD187004F7B55 /* Cards.xcassets in Resources */ = {isa = PBXBuildFile; fileRef = DCC2001B1CBCD187004F7B55 /* Cards.xcassets */; };
		DCC89E451CBEF00D0047657B /* GameViewController.swift in Sources */ = {isa = PBXBuildFile; fileRef = DCC89E441CBEF00D0047657B /* GameViewController.swift */; };
		DCD2CC341CE5492600526EB5 /* HowToPageViewController.swift in Sources */ = {isa = PBXBuildFile; fileRef = DCD2CC331CE5492600526EB5 /* HowToPageViewController.swift */; };
		DCD2CC361CE54AAF00526EB5 /* HowToViewController.swift in Sources */ = {isa = PBXBuildFile; fileRef = DCD2CC351CE54AAF00526EB5 /* HowToViewController.swift */; };
		DCD5CBB51CDB363A00C082D8 /* begin.wav in Resources */ = {isa = PBXBuildFile; fileRef = DCD5CBAF1CDB363A00C082D8 /* begin.wav */; };
		DCD5CBB61CDB363A00C082D8 /* error.wav in Resources */ = {isa = PBXBuildFile; fileRef = DCD5CBB01CDB363A00C082D8 /* error.wav */; };
		DCD5CBB71CDB363A00C082D8 /* move.wav in Resources */ = {isa = PBXBuildFile; fileRef = DCD5CBB11CDB363A00C082D8 /* move.wav */; };
		DCD5CBB81CDB363A00C082D8 /* pause.wav in Resources */ = {isa = PBXBuildFile; fileRef = DCD5CBB21CDB363A00C082D8 /* pause.wav */; };
		DCD5CBB91CDB363A00C082D8 /* place.wav in Resources */ = {isa = PBXBuildFile; fileRef = DCD5CBB31CDB363A00C082D8 /* place.wav */; };
		DCD5CBBA1CDB363A00C082D8 /* war.wav in Resources */ = {isa = PBXBuildFile; fileRef = DCD5CBB41CDB363A00C082D8 /* war.wav */; };
		DCD5CBBC1CDB36D300C082D8 /* Sounds.swift in Sources */ = {isa = PBXBuildFile; fileRef = DCD5CBBB1CDB36D300C082D8 /* Sounds.swift */; };
		DCD9276F1CD1A0B000FF7FAE /* Data.swift in Sources */ = {isa = PBXBuildFile; fileRef = DCD9276E1CD1A0B000FF7FAE /* Data.swift */; };
		DCD927711CD1A17900FF7FAE /* Difficulty.swift in Sources */ = {isa = PBXBuildFile; fileRef = DCD927701CD1A17900FF7FAE /* Difficulty.swift */; };
		DCDA46BD1CF8BD6C00A3F4EE /* DataCollectionViewController.swift in Sources */ = {isa = PBXBuildFile; fileRef = DCDA46BC1CF8BD6C00A3F4EE /* DataCollectionViewController.swift */; };
		DCDA46BF1CF8BFB200A3F4EE /* Data.plist in Resources */ = {isa = PBXBuildFile; fileRef = DCDA46BE1CF8BFB200A3F4EE /* Data.plist */; };
		DCEFC3621CBF5B2F00F8C20D /* dincond-bold-opentype.otf in Resources */ = {isa = PBXBuildFile; fileRef = DCEFC3611CBF5B2F00F8C20D /* dincond-bold-opentype.otf */; };
/* End PBXBuildFile section */

/* Begin PBXFileReference section */
		5534AFCC1C84E516006188CB /* FractionsWar.app */ = {isa = PBXFileReference; explicitFileType = wrapper.application; includeInIndex = 0; path = FractionsWar.app; sourceTree = BUILT_PRODUCTS_DIR; };
		5534AFCF1C84E516006188CB /* AppDelegate.swift */ = {isa = PBXFileReference; lastKnownFileType = sourcecode.swift; path = AppDelegate.swift; sourceTree = "<group>"; };
		5534AFD41C84E516006188CB /* Base */ = {isa = PBXFileReference; lastKnownFileType = file.storyboard; name = Base; path = Base.lproj/Main.storyboard; sourceTree = "<group>"; };
		5534AFD61C84E516006188CB /* Assets.xcassets */ = {isa = PBXFileReference; lastKnownFileType = folder.assetcatalog; path = Assets.xcassets; sourceTree = "<group>"; };
		5534AFD91C84E516006188CB /* Base */ = {isa = PBXFileReference; lastKnownFileType = file.storyboard; name = Base; path = Base.lproj/LaunchScreen.storyboard; sourceTree = "<group>"; };
		5534AFDB1C84E516006188CB /* Info.plist */ = {isa = PBXFileReference; lastKnownFileType = text.plist.xml; path = Info.plist; sourceTree = "<group>"; };
		5534B0061C877045006188CB /* Deck.swift */ = {isa = PBXFileReference; fileEncoding = 4; lastKnownFileType = sourcecode.swift; name = Deck.swift; path = FractionsWar/Deck.swift; sourceTree = "<group>"; };
		556BEF1E20270121005F24A7 /* Functions.swift */ = {isa = PBXFileReference; fileEncoding = 4; lastKnownFileType = sourcecode.swift; path = Functions.swift; sourceTree = "<group>"; };
		556BEF2020270136005F24A7 /* GameState.swift */ = {isa = PBXFileReference; fileEncoding = 4; lastKnownFileType = sourcecode.swift; path = GameState.swift; sourceTree = "<group>"; };
		556BEF2120270136005F24A7 /* ResponseType.swift */ = {isa = PBXFileReference; fileEncoding = 4; lastKnownFileType = sourcecode.swift; path = ResponseType.swift; sourceTree = "<group>"; };
		556BEF2220270136005F24A7 /* PlayerType.swift */ = {isa = PBXFileReference; fileEncoding = 4; lastKnownFileType = sourcecode.swift; path = PlayerType.swift; sourceTree = "<group>"; };
		556BEF2320270136005F24A7 /* CardFlipType.swift */ = {isa = PBXFileReference; fileEncoding = 4; lastKnownFileType = sourcecode.swift; path = CardFlipType.swift; sourceTree = "<group>"; };
		556BEF2820270420005F24A7 /* ExportDataViewController.swift */ = {isa = PBXFileReference; fileEncoding = 4; lastKnownFileType = sourcecode.swift; path = ExportDataViewController.swift; sourceTree = "<group>"; };
		556BEF2A20270441005F24A7 /* SetUpCardsExt.swift */ = {isa = PBXFileReference; fileEncoding = 4; lastKnownFileType = sourcecode.swift; path = SetUpCardsExt.swift; sourceTree = "<group>"; };
		556BEF2B20270441005F24A7 /* MoveAnimationExt.swift */ = {isa = PBXFileReference; fileEncoding = 4; lastKnownFileType = sourcecode.swift; path = MoveAnimationExt.swift; sourceTree = "<group>"; };
		556BEF2C20270441005F24A7 /* SwipeLogicExt.swift */ = {isa = PBXFileReference; fileEncoding = 4; lastKnownFileType = sourcecode.swift; path = SwipeLogicExt.swift; sourceTree = "<group>"; };
		556BEF4E202D0CA5005F24A7 /* DeckRandomizer.swift */ = {isa = PBXFileReference; fileEncoding = 4; lastKnownFileType = sourcecode.swift; path = DeckRandomizer.swift; sourceTree = "<group>"; };
		55CF7E231CA5182500B1BE0C /* Card.swift */ = {isa = PBXFileReference; fileEncoding = 4; lastKnownFileType = sourcecode.swift; name = Card.swift; path = FractionsWar/Card.swift; sourceTree = "<group>"; };
		55CF7E251CA51DF700B1BE0C /* Hand.swift */ = {isa = PBXFileReference; fileEncoding = 4; lastKnownFileType = sourcecode.swift; name = Hand.swift; path = FractionsWar/Hand.swift; sourceTree = "<group>"; };
		55CF7E271CA51EFA00B1BE0C /* Round.swift */ = {isa = PBXFileReference; fileEncoding = 4; lastKnownFileType = sourcecode.swift; name = Round.swift; path = FractionsWar/Round.swift; sourceTree = "<group>"; };
		55CF7E291CA51F1700B1BE0C /* Game.swift */ = {isa = PBXFileReference; fileEncoding = 4; lastKnownFileType = sourcecode.swift; name = Game.swift; path = FractionsWar/Game.swift; sourceTree = "<group>"; };
		55CF7E2B1CA8E44C00B1BE0C /* Player.swift */ = {isa = PBXFileReference; fileEncoding = 4; lastKnownFileType = sourcecode.swift; name = Player.swift; path = FractionsWar/Player.swift; sourceTree = "<group>"; };
		DC0038C71CDAE44F00BFDE9C /* GameOverViewController.swift */ = {isa = PBXFileReference; fileEncoding = 4; lastKnownFileType = sourcecode.swift; path = GameOverViewController.swift; sourceTree = "<group>"; };
		DC5A20E81CC86A3F004986D2 /* PauseViewController.swift */ = {isa = PBXFileReference; fileEncoding = 4; lastKnownFileType = sourcecode.swift; path = PauseViewController.swift; sourceTree = "<group>"; };
		DC5A20EA1CC876B7004986D2 /* SettingsViewController.swift */ = {isa = PBXFileReference; fileEncoding = 4; lastKnownFileType = sourcecode.swift; path = SettingsViewController.swift; sourceTree = "<group>"; };
		DC5A20EC1CC878DB004986D2 /* Settings.plist */ = {isa = PBXFileReference; fileEncoding = 4; lastKnownFileType = text.plist.xml; path = Settings.plist; sourceTree = "<group>"; };
		DC62D9C11CE3CFB000F02B5A /* AboutViewController.swift */ = {isa = PBXFileReference; fileEncoding = 4; lastKnownFileType = sourcecode.swift; path = AboutViewController.swift; sourceTree = "<group>"; };
		DC762AA31CC490F3002A6445 /* MenuViewController.swift */ = {isa = PBXFileReference; fileEncoding = 4; lastKnownFileType = sourcecode.swift; path = MenuViewController.swift; sourceTree = "<group>"; };
		DCA1D0B61CCF27F1007179BB /* Settings.swift */ = {isa = PBXFileReference; fileEncoding = 4; lastKnownFileType = sourcecode.swift; path = Settings.swift; sourceTree = "<group>"; };
		DCC2001B1CBCD187004F7B55 /* Cards.xcassets */ = {isa = PBXFileReference; lastKnownFileType = folder.assetcatalog; path = Cards.xcassets; sourceTree = "<group>"; };
		DCC89E441CBEF00D0047657B /* GameViewController.swift */ = {isa = PBXFileReference; fileEncoding = 4; lastKnownFileType = sourcecode.swift; path = GameViewController.swift; sourceTree = "<group>"; };
		DCD2CC331CE5492600526EB5 /* HowToPageViewController.swift */ = {isa = PBXFileReference; fileEncoding = 4; lastKnownFileType = sourcecode.swift; path = HowToPageViewController.swift; sourceTree = "<group>"; };
		DCD2CC351CE54AAF00526EB5 /* HowToViewController.swift */ = {isa = PBXFileReference; fileEncoding = 4; lastKnownFileType = sourcecode.swift; path = HowToViewController.swift; sourceTree = "<group>"; };
		DCD5CBAF1CDB363A00C082D8 /* begin.wav */ = {isa = PBXFileReference; lastKnownFileType = audio.wav; path = begin.wav; sourceTree = "<group>"; };
		DCD5CBB01CDB363A00C082D8 /* error.wav */ = {isa = PBXFileReference; lastKnownFileType = audio.wav; path = error.wav; sourceTree = "<group>"; };
		DCD5CBB11CDB363A00C082D8 /* move.wav */ = {isa = PBXFileReference; lastKnownFileType = audio.wav; path = move.wav; sourceTree = "<group>"; };
		DCD5CBB21CDB363A00C082D8 /* pause.wav */ = {isa = PBXFileReference; lastKnownFileType = audio.wav; path = pause.wav; sourceTree = "<group>"; };
		DCD5CBB31CDB363A00C082D8 /* place.wav */ = {isa = PBXFileReference; lastKnownFileType = audio.wav; path = place.wav; sourceTree = "<group>"; };
		DCD5CBB41CDB363A00C082D8 /* war.wav */ = {isa = PBXFileReference; lastKnownFileType = audio.wav; path = war.wav; sourceTree = "<group>"; };
		DCD5CBBB1CDB36D300C082D8 /* Sounds.swift */ = {isa = PBXFileReference; fileEncoding = 4; lastKnownFileType = sourcecode.swift; path = Sounds.swift; sourceTree = "<group>"; };
		DCD9276E1CD1A0B000FF7FAE /* Data.swift */ = {isa = PBXFileReference; fileEncoding = 4; lastKnownFileType = sourcecode.swift; path = Data.swift; sourceTree = "<group>"; };
		DCD927701CD1A17900FF7FAE /* Difficulty.swift */ = {isa = PBXFileReference; fileEncoding = 4; lastKnownFileType = sourcecode.swift; name = Difficulty.swift; path = ../Difficulty.swift; sourceTree = "<group>"; };
		DCDA46BC1CF8BD6C00A3F4EE /* DataCollectionViewController.swift */ = {isa = PBXFileReference; fileEncoding = 4; lastKnownFileType = sourcecode.swift; path = DataCollectionViewController.swift; sourceTree = "<group>"; };
		DCDA46BE1CF8BFB200A3F4EE /* Data.plist */ = {isa = PBXFileReference; fileEncoding = 4; lastKnownFileType = text.plist.xml; path = Data.plist; sourceTree = "<group>"; };
		DCEFC3611CBF5B2F00F8C20D /* dincond-bold-opentype.otf */ = {isa = PBXFileReference; lastKnownFileType = file; path = "dincond-bold-opentype.otf"; sourceTree = "<group>"; };
/* End PBXFileReference section */

/* Begin PBXFrameworksBuildPhase section */
		5534AFC91C84E516006188CB /* Frameworks */ = {
			isa = PBXFrameworksBuildPhase;
			buildActionMask = 2147483647;
			files = (
			);
			runOnlyForDeploymentPostprocessing = 0;
		};
/* End PBXFrameworksBuildPhase section */

/* Begin PBXGroup section */
		5534AFC31C84E516006188CB = {
			isa = PBXGroup;
			children = (
				5534AFCE1C84E516006188CB /* FractionsWar */,
				5534AFCD1C84E516006188CB /* Products */,
			);
			sourceTree = "<group>";
		};
		5534AFCD1C84E516006188CB /* Products */ = {
			isa = PBXGroup;
			children = (
				5534AFCC1C84E516006188CB /* FractionsWar.app */,
			);
			name = Products;
			sourceTree = "<group>";
		};
		5534AFCE1C84E516006188CB /* FractionsWar */ = {
			isa = PBXGroup;
			children = (
				5534AFCF1C84E516006188CB /* AppDelegate.swift */,
				556BEF1E20270121005F24A7 /* Functions.swift */,
				5567B6811D4AAC3F00FF6545 /* Model */,
				55B8CD6B1D08AA0C00D6DC00 /* Enums */,
				5567B6801D4AABE500FF6545 /* Controllers */,
				5534AFD31C84E516006188CB /* Main.storyboard */,
				5534AFD61C84E516006188CB /* Assets.xcassets */,
				DCC2001B1CBCD187004F7B55 /* Cards.xcassets */,
				5534AFD81C84E516006188CB /* LaunchScreen.storyboard */,
				5534AFDB1C84E516006188CB /* Info.plist */,
				DC5A20EC1CC878DB004986D2 /* Settings.plist */,
				DCDA46BE1CF8BFB200A3F4EE /* Data.plist */,
				DCEFC3601CBF5AF500F8C20D /* Resources */,
			);
			path = FractionsWar;
			sourceTree = "<group>";
		};
		5567B6801D4AABE500FF6545 /* Controllers */ = {
			isa = PBXGroup;
			children = (
				559AB2201D6CDB8F00FAA0F2 /* GameVC */,
				DC762AA31CC490F3002A6445 /* MenuViewController.swift */,
				DC62D9C11CE3CFB000F02B5A /* AboutViewController.swift */,
				DC5A20EA1CC876B7004986D2 /* SettingsViewController.swift */,
				559AB2211D6D540900FAA0F2 /* DataVC */,
				DC5A20E81CC86A3F004986D2 /* PauseViewController.swift */,
				DC0038C71CDAE44F00BFDE9C /* GameOverViewController.swift */,
				DCD2CC331CE5492600526EB5 /* HowToPageViewController.swift */,
				DCD2CC351CE54AAF00526EB5 /* HowToViewController.swift */,
			);
			name = Controllers;
			sourceTree = "<group>";
		};
		5567B6811D4AAC3F00FF6545 /* Model */ = {
			isa = PBXGroup;
			children = (
				55CF7E291CA51F1700B1BE0C /* Game.swift */,
				55CF7E2B1CA8E44C00B1BE0C /* Player.swift */,
				55CF7E251CA51DF700B1BE0C /* Hand.swift */,
				DCD9276E1CD1A0B000FF7FAE /* Data.swift */,
				55CF7E231CA5182500B1BE0C /* Card.swift */,
				5534B0061C877045006188CB /* Deck.swift */,
				DCA1D0B61CCF27F1007179BB /* Settings.swift */,
				DCD5CBBB1CDB36D300C082D8 /* Sounds.swift */,
				55CF7E271CA51EFA00B1BE0C /* Round.swift */,
				556BEF4E202D0CA5005F24A7 /* DeckRandomizer.swift */,
			);
			name = Model;
			path = ..;
			sourceTree = "<group>";
		};
		559AB2201D6CDB8F00FAA0F2 /* GameVC */ = {
			isa = PBXGroup;
			children = (
				DCC89E441CBEF00D0047657B /* GameViewController.swift */,
				556BEF2B20270441005F24A7 /* MoveAnimationExt.swift */,
				556BEF2A20270441005F24A7 /* SetUpCardsExt.swift */,
				556BEF2C20270441005F24A7 /* SwipeLogicExt.swift */,
			);
			name = GameVC;
			sourceTree = "<group>";
		};
		559AB2211D6D540900FAA0F2 /* DataVC */ = {
			isa = PBXGroup;
			children = (
				556BEF2820270420005F24A7 /* ExportDataViewController.swift */,
				DCDA46BC1CF8BD6C00A3F4EE /* DataCollectionViewController.swift */,
			);
			name = DataVC;
			sourceTree = "<group>";
		};
		55B8CD6B1D08AA0C00D6DC00 /* Enums */ = {
			isa = PBXGroup;
			children = (
				DCD927701CD1A17900FF7FAE /* Difficulty.swift */,
				556BEF2320270136005F24A7 /* CardFlipType.swift */,
				556BEF2020270136005F24A7 /* GameState.swift */,
				556BEF2220270136005F24A7 /* PlayerType.swift */,
				556BEF2120270136005F24A7 /* ResponseType.swift */,
			);
			name = Enums;
			sourceTree = "<group>";
		};
		DCEFC3601CBF5AF500F8C20D /* Resources */ = {
			isa = PBXGroup;
			children = (
				DCD5CBAF1CDB363A00C082D8 /* begin.wav */,
				DCD5CBB01CDB363A00C082D8 /* error.wav */,
				DCD5CBB11CDB363A00C082D8 /* move.wav */,
				DCD5CBB21CDB363A00C082D8 /* pause.wav */,
				DCD5CBB31CDB363A00C082D8 /* place.wav */,
				DCD5CBB41CDB363A00C082D8 /* war.wav */,
				DCEFC3611CBF5B2F00F8C20D /* dincond-bold-opentype.otf */,
			);
			name = Resources;
			sourceTree = "<group>";
		};
/* End PBXGroup section */

/* Begin PBXNativeTarget section */
		5534AFCB1C84E516006188CB /* FractionsWar */ = {
			isa = PBXNativeTarget;
			buildConfigurationList = 5534AFDE1C84E516006188CB /* Build configuration list for PBXNativeTarget "FractionsWar" */;
			buildPhases = (
				5534AFC81C84E516006188CB /* Sources */,
				5534AFC91C84E516006188CB /* Frameworks */,
				5534AFCA1C84E516006188CB /* Resources */,
			);
			buildRules = (
			);
			dependencies = (
			);
			name = FractionsWar;
			productName = FractionsWar;
			productReference = 5534AFCC1C84E516006188CB /* FractionsWar.app */;
			productType = "com.apple.product-type.application";
		};
/* End PBXNativeTarget section */

/* Begin PBXProject section */
		5534AFC41C84E516006188CB /* Project object */ = {
			isa = PBXProject;
			attributes = {
				LastSwiftUpdateCheck = 0720;
				LastUpgradeCheck = 0720;
				TargetAttributes = {
					5534AFCB1C84E516006188CB = {
						CreatedOnToolsVersion = 7.2;
						DevelopmentTeam = EBJBYP322E;
						LastSwiftMigration = 0900;
					};
				};
			};
			buildConfigurationList = 5534AFC71C84E516006188CB /* Build configuration list for PBXProject "FractionsWar" */;
			compatibilityVersion = "Xcode 3.2";
			developmentRegion = English;
			hasScannedForEncodings = 0;
			knownRegions = (
				en,
				Base,
			);
			mainGroup = 5534AFC31C84E516006188CB;
			productRefGroup = 5534AFCD1C84E516006188CB /* Products */;
			projectDirPath = "";
			projectRoot = "";
			targets = (
				5534AFCB1C84E516006188CB /* FractionsWar */,
			);
		};
/* End PBXProject section */

/* Begin PBXResourcesBuildPhase section */
		5534AFCA1C84E516006188CB /* Resources */ = {
			isa = PBXResourcesBuildPhase;
			buildActionMask = 2147483647;
			files = (
				DCD5CBB51CDB363A00C082D8 /* begin.wav in Resources */,
				5534AFDA1C84E516006188CB /* LaunchScreen.storyboard in Resources */,
				DCC2001C1CBCD187004F7B55 /* Cards.xcassets in Resources */,
				DCD5CBB81CDB363A00C082D8 /* pause.wav in Resources */,
				DCDA46BF1CF8BFB200A3F4EE /* Data.plist in Resources */,
				5534AFD71C84E516006188CB /* Assets.xcassets in Resources */,
				DCD5CBB91CDB363A00C082D8 /* place.wav in Resources */,
				5534AFD51C84E516006188CB /* Main.storyboard in Resources */,
				DCEFC3621CBF5B2F00F8C20D /* dincond-bold-opentype.otf in Resources */,
				DCD5CBB71CDB363A00C082D8 /* move.wav in Resources */,
				DCD5CBBA1CDB363A00C082D8 /* war.wav in Resources */,
				DC5A20ED1CC878DB004986D2 /* Settings.plist in Resources */,
				DCD5CBB61CDB363A00C082D8 /* error.wav in Resources */,
			);
			runOnlyForDeploymentPostprocessing = 0;
		};
/* End PBXResourcesBuildPhase section */

/* Begin PBXSourcesBuildPhase section */
		5534AFC81C84E516006188CB /* Sources */ = {
			isa = PBXSourcesBuildPhase;
			buildActionMask = 2147483647;
			files = (
				DC5A20E91CC86A3F004986D2 /* PauseViewController.swift in Sources */,
				556BEF2E20270441005F24A7 /* MoveAnimationExt.swift in Sources */,
				DCC89E451CBEF00D0047657B /* GameViewController.swift in Sources */,
				556BEF2620270136005F24A7 /* PlayerType.swift in Sources */,
				556BEF2520270136005F24A7 /* ResponseType.swift in Sources */,
				556BEF4F202D0CA5005F24A7 /* DeckRandomizer.swift in Sources */,
				DCD927711CD1A17900FF7FAE /* Difficulty.swift in Sources */,
				DC762AA41CC490F3002A6445 /* MenuViewController.swift in Sources */,
				556BEF2D20270441005F24A7 /* SetUpCardsExt.swift in Sources */,
				DCD2CC361CE54AAF00526EB5 /* HowToViewController.swift in Sources */,
				5534B0071C877045006188CB /* Deck.swift in Sources */,
				DCA1D0B71CCF27F1007179BB /* Settings.swift in Sources */,
				55CF7E261CA51DF700B1BE0C /* Hand.swift in Sources */,
				55CF7E241CA5182500B1BE0C /* Card.swift in Sources */,
				556BEF2920270420005F24A7 /* ExportDataViewController.swift in Sources */,
				DCDA46BD1CF8BD6C00A3F4EE /* DataCollectionViewController.swift in Sources */,
				DCD9276F1CD1A0B000FF7FAE /* Data.swift in Sources */,
				556BEF1F20270121005F24A7 /* Functions.swift in Sources */,
				55CF7E281CA51EFA00B1BE0C /* Round.swift in Sources */,
				556BEF2420270136005F24A7 /* GameState.swift in Sources */,
				DCD2CC341CE5492600526EB5 /* HowToPageViewController.swift in Sources */,
				DCD5CBBC1CDB36D300C082D8 /* Sounds.swift in Sources */,
				DC62D9C21CE3CFB000F02B5A /* AboutViewController.swift in Sources */,
				556BEF2F20270441005F24A7 /* SwipeLogicExt.swift in Sources */,
				5534AFD01C84E516006188CB /* AppDelegate.swift in Sources */,
				556BEF2720270136005F24A7 /* CardFlipType.swift in Sources */,
				DC0038C81CDAE44F00BFDE9C /* GameOverViewController.swift in Sources */,
				55CF7E2C1CA8E44C00B1BE0C /* Player.swift in Sources */,
				55CF7E2A1CA51F1700B1BE0C /* Game.swift in Sources */,
				DC5A20EB1CC876B7004986D2 /* SettingsViewController.swift in Sources */,
			);
			runOnlyForDeploymentPostprocessing = 0;
		};
/* End PBXSourcesBuildPhase section */

/* Begin PBXVariantGroup section */
		5534AFD31C84E516006188CB /* Main.storyboard */ = {
			isa = PBXVariantGroup;
			children = (
				5534AFD41C84E516006188CB /* Base */,
			);
			name = Main.storyboard;
			sourceTree = "<group>";
		};
		5534AFD81C84E516006188CB /* LaunchScreen.storyboard */ = {
			isa = PBXVariantGroup;
			children = (
				5534AFD91C84E516006188CB /* Base */,
			);
			name = LaunchScreen.storyboard;
			sourceTree = "<group>";
		};
/* End PBXVariantGroup section */

/* Begin XCBuildConfiguration section */
		5534AFDC1C84E516006188CB /* Debug */ = {
			isa = XCBuildConfiguration;
			buildSettings = {
				ALWAYS_SEARCH_USER_PATHS = NO;
				CLANG_CXX_LANGUAGE_STANDARD = "gnu++0x";
				CLANG_CXX_LIBRARY = "libc++";
				CLANG_ENABLE_MODULES = YES;
				CLANG_ENABLE_OBJC_ARC = YES;
				CLANG_WARN_BOOL_CONVERSION = YES;
				CLANG_WARN_CONSTANT_CONVERSION = YES;
				CLANG_WARN_DIRECT_OBJC_ISA_USAGE = YES_ERROR;
				CLANG_WARN_EMPTY_BODY = YES;
				CLANG_WARN_ENUM_CONVERSION = YES;
				CLANG_WARN_INT_CONVERSION = YES;
				CLANG_WARN_OBJC_ROOT_CLASS = YES_ERROR;
				CLANG_WARN_UNREACHABLE_CODE = YES;
				CLANG_WARN__DUPLICATE_METHOD_MATCH = YES;
				"CODE_SIGN_IDENTITY[sdk=iphoneos*]" = "iPhone Developer";
				COPY_PHASE_STRIP = NO;
				DEBUG_INFORMATION_FORMAT = dwarf;
				ENABLE_STRICT_OBJC_MSGSEND = YES;
				ENABLE_TESTABILITY = YES;
				GCC_C_LANGUAGE_STANDARD = gnu99;
				GCC_DYNAMIC_NO_PIC = NO;
				GCC_NO_COMMON_BLOCKS = YES;
				GCC_OPTIMIZATION_LEVEL = 0;
				GCC_PREPROCESSOR_DEFINITIONS = (
					"DEBUG=1",
					"$(inherited)",
				);
				GCC_WARN_64_TO_32_BIT_CONVERSION = YES;
				GCC_WARN_ABOUT_RETURN_TYPE = YES_ERROR;
				GCC_WARN_UNDECLARED_SELECTOR = YES;
				GCC_WARN_UNINITIALIZED_AUTOS = YES_AGGRESSIVE;
				GCC_WARN_UNUSED_FUNCTION = YES;
				GCC_WARN_UNUSED_VARIABLE = YES;
				IPHONEOS_DEPLOYMENT_TARGET = 9.2;
				MTL_ENABLE_DEBUG_INFO = YES;
				ONLY_ACTIVE_ARCH = YES;
				SDKROOT = iphoneos;
				SWIFT_OPTIMIZATION_LEVEL = "-Onone";
			};
			name = Debug;
		};
		5534AFDD1C84E516006188CB /* Release */ = {
			isa = XCBuildConfiguration;
			buildSettings = {
				ALWAYS_SEARCH_USER_PATHS = NO;
				CLANG_CXX_LANGUAGE_STANDARD = "gnu++0x";
				CLANG_CXX_LIBRARY = "libc++";
				CLANG_ENABLE_MODULES = YES;
				CLANG_ENABLE_OBJC_ARC = YES;
				CLANG_WARN_BOOL_CONVERSION = YES;
				CLANG_WARN_CONSTANT_CONVERSION = YES;
				CLANG_WARN_DIRECT_OBJC_ISA_USAGE = YES_ERROR;
				CLANG_WARN_EMPTY_BODY = YES;
				CLANG_WARN_ENUM_CONVERSION = YES;
				CLANG_WARN_INT_CONVERSION = YES;
				CLANG_WARN_OBJC_ROOT_CLASS = YES_ERROR;
				CLANG_WARN_UNREACHABLE_CODE = YES;
				CLANG_WARN__DUPLICATE_METHOD_MATCH = YES;
				"CODE_SIGN_IDENTITY[sdk=iphoneos*]" = "iPhone Developer";
				COPY_PHASE_STRIP = NO;
				DEBUG_INFORMATION_FORMAT = "dwarf-with-dsym";
				ENABLE_NS_ASSERTIONS = NO;
				ENABLE_STRICT_OBJC_MSGSEND = YES;
				GCC_C_LANGUAGE_STANDARD = gnu99;
				GCC_NO_COMMON_BLOCKS = YES;
				GCC_WARN_64_TO_32_BIT_CONVERSION = YES;
				GCC_WARN_ABOUT_RETURN_TYPE = YES_ERROR;
				GCC_WARN_UNDECLARED_SELECTOR = YES;
				GCC_WARN_UNINITIALIZED_AUTOS = YES_AGGRESSIVE;
				GCC_WARN_UNUSED_FUNCTION = YES;
				GCC_WARN_UNUSED_VARIABLE = YES;
				IPHONEOS_DEPLOYMENT_TARGET = 9.2;
				MTL_ENABLE_DEBUG_INFO = NO;
				SDKROOT = iphoneos;
				VALIDATE_PRODUCT = YES;
			};
			name = Release;
		};
		5534AFDF1C84E516006188CB /* Debug */ = {
			isa = XCBuildConfiguration;
			buildSettings = {
				ASSETCATALOG_COMPILER_APPICON_NAME = AppIcon;
				CODE_SIGN_IDENTITY = "iPhone Developer";
				"CODE_SIGN_IDENTITY[sdk=iphoneos*]" = "iPhone Developer";
				DEVELOPMENT_TEAM = EBJBYP322E;
				INFOPLIST_FILE = FractionsWar/Info.plist;
				IPHONEOS_DEPLOYMENT_TARGET = 8.0;
				LD_RUNPATH_SEARCH_PATHS = "$(inherited) @executable_path/Frameworks";
				PRODUCT_BUNDLE_IDENTIFIER = com.FractionsWar.FractionsWar1;
				PRODUCT_NAME = "$(TARGET_NAME)";
				PROVISIONING_PROFILE = "";
				SWIFT_SWIFT3_OBJC_INFERENCE = On;
				SWIFT_VERSION = 4.0;
				TARGETED_DEVICE_FAMILY = "1,2";
			};
			name = Debug;
		};
		5534AFE01C84E516006188CB /* Release */ = {
			isa = XCBuildConfiguration;
			buildSettings = {
				ASSETCATALOG_COMPILER_APPICON_NAME = AppIcon;
				CODE_SIGN_IDENTITY = "iPhone Developer";
				"CODE_SIGN_IDENTITY[sdk=iphoneos*]" = "iPhone Developer";
				DEVELOPMENT_TEAM = EBJBYP322E;
				INFOPLIST_FILE = FractionsWar/Info.plist;
				IPHONEOS_DEPLOYMENT_TARGET = 8.0;
				LD_RUNPATH_SEARCH_PATHS = "$(inherited) @executable_path/Frameworks";
				PRODUCT_BUNDLE_IDENTIFIER = com.FractionsWar.FractionsWar1;
				PRODUCT_NAME = "$(TARGET_NAME)";
				PROVISIONING_PROFILE = "";
				SWIFT_SWIFT3_OBJC_INFERENCE = On;
				SWIFT_VERSION = 4.0;
				TARGETED_DEVICE_FAMILY = "1,2";
			};
			name = Release;
		};
/* End XCBuildConfiguration section */

/* Begin XCConfigurationList section */
		5534AFC71C84E516006188CB /* Build configuration list for PBXProject "FractionsWar" */ = {
			isa = XCConfigurationList;
			buildConfigurations = (
				5534AFDC1C84E516006188CB /* Debug */,
				5534AFDD1C84E516006188CB /* Release */,
			);
			defaultConfigurationIsVisible = 0;
			defaultConfigurationName = Release;
		};
		5534AFDE1C84E516006188CB /* Build configuration list for PBXNativeTarget "FractionsWar" */ = {
			isa = XCConfigurationList;
			buildConfigurations = (
				5534AFDF1C84E516006188CB /* Debug */,
				5534AFE01C84E516006188CB /* Release */,
			);
			defaultConfigurationIsVisible = 0;
			defaultConfigurationName = Release;
		};
/* End XCConfigurationList section */
	};
	rootObject = 5534AFC41C84E516006188CB /* Project object */;
}
